// !$*UTF8*$!
{
	archiveVersion = 1;
	classes = {
	};
	objectVersion = 56;
	objects = {

/* Begin PBXBuildFile section */
		4F5708E32B069914002CC2B6 /* Wind_Turbine_TDDApp.swift in Sources */ = {isa = PBXBuildFile; fileRef = 4F5708E22B069914002CC2B6 /* Wind_Turbine_TDDApp.swift */; };
		4F5708E52B069914002CC2B6 /* ContentView.swift in Sources */ = {isa = PBXBuildFile; fileRef = 4F5708E42B069914002CC2B6 /* ContentView.swift */; };
		4F5708E72B069915002CC2B6 /* Assets.xcassets in Resources */ = {isa = PBXBuildFile; fileRef = 4F5708E62B069915002CC2B6 /* Assets.xcassets */; };
		4F5708EA2B069915002CC2B6 /* Preview Assets.xcassets in Resources */ = {isa = PBXBuildFile; fileRef = 4F5708E92B069915002CC2B6 /* Preview Assets.xcassets */; };
		4F5708F42B069915002CC2B6 /* Wind_Turbine_TDDTests.swift in Sources */ = {isa = PBXBuildFile; fileRef = 4F5708F32B069915002CC2B6 /* Wind_Turbine_TDDTests.swift */; };
		4F5708FE2B069915002CC2B6 /* Wind_Turbine_TDDUITests.swift in Sources */ = {isa = PBXBuildFile; fileRef = 4F5708FD2B069915002CC2B6 /* Wind_Turbine_TDDUITests.swift */; };
		4F5709002B069915002CC2B6 /* Wind_Turbine_TDDUITestsLaunchTests.swift in Sources */ = {isa = PBXBuildFile; fileRef = 4F5708FF2B069915002CC2B6 /* Wind_Turbine_TDDUITestsLaunchTests.swift */; };
/* End PBXBuildFile section */

/* Begin PBXContainerItemProxy section */
		4F5708F02B069915002CC2B6 /* PBXContainerItemProxy */ = {
			isa = PBXContainerItemProxy;
			containerPortal = 4F5708D72B069914002CC2B6 /* Project object */;
			proxyType = 1;
			remoteGlobalIDString = 4F5708DE2B069914002CC2B6;
			remoteInfo = "Wind Turbine TDD";
		};
		4F5708FA2B069915002CC2B6 /* PBXContainerItemProxy */ = {
			isa = PBXContainerItemProxy;
			containerPortal = 4F5708D72B069914002CC2B6 /* Project object */;
			proxyType = 1;
			remoteGlobalIDString = 4F5708DE2B069914002CC2B6;
			remoteInfo = "Wind Turbine TDD";
		};
/* End PBXContainerItemProxy section */

/* Begin PBXFileReference section */
		4F5708DF2B069914002CC2B6 /* Wind Turbine TDD.app */ = {isa = PBXFileReference; explicitFileType = wrapper.application; includeInIndex = 0; path = "Wind Turbine TDD.app"; sourceTree = BUILT_PRODUCTS_DIR; };
		4F5708E22B069914002CC2B6 /* Wind_Turbine_TDDApp.swift */ = {isa = PBXFileReference; lastKnownFileType = sourcecode.swift; path = Wind_Turbine_TDDApp.swift; sourceTree = "<group>"; };
		4F5708E42B069914002CC2B6 /* ContentView.swift */ = {isa = PBXFileReference; lastKnownFileType = sourcecode.swift; path = ContentView.swift; sourceTree = "<group>"; };
		4F5708E62B069915002CC2B6 /* Assets.xcassets */ = {isa = PBXFileReference; lastKnownFileType = folder.assetcatalog; path = Assets.xcassets; sourceTree = "<group>"; };
		4F5708E92B069915002CC2B6 /* Preview Assets.xcassets */ = {isa = PBXFileReference; lastKnownFileType = folder.assetcatalog; path = "Preview Assets.xcassets"; sourceTree = "<group>"; };
		4F5708EF2B069915002CC2B6 /* Wind Turbine TDDTests.xctest */ = {isa = PBXFileReference; explicitFileType = wrapper.cfbundle; includeInIndex = 0; path = "Wind Turbine TDDTests.xctest"; sourceTree = BUILT_PRODUCTS_DIR; };
		4F5708F32B069915002CC2B6 /* Wind_Turbine_TDDTests.swift */ = {isa = PBXFileReference; lastKnownFileType = sourcecode.swift; path = Wind_Turbine_TDDTests.swift; sourceTree = "<group>"; };
		4F5708F92B069915002CC2B6 /* Wind Turbine TDDUITests.xctest */ = {isa = PBXFileReference; explicitFileType = wrapper.cfbundle; includeInIndex = 0; path = "Wind Turbine TDDUITests.xctest"; sourceTree = BUILT_PRODUCTS_DIR; };
		4F5708FD2B069915002CC2B6 /* Wind_Turbine_TDDUITests.swift */ = {isa = PBXFileReference; lastKnownFileType = sourcecode.swift; path = Wind_Turbine_TDDUITests.swift; sourceTree = "<group>"; };
		4F5708FF2B069915002CC2B6 /* Wind_Turbine_TDDUITestsLaunchTests.swift */ = {isa = PBXFileReference; lastKnownFileType = sourcecode.swift; path = Wind_Turbine_TDDUITestsLaunchTests.swift; sourceTree = "<group>"; };
/* End PBXFileReference section */

/* Begin PBXFrameworksBuildPhase section */
		4F5708DC2B069914002CC2B6 /* Frameworks */ = {
			isa = PBXFrameworksBuildPhase;
			buildActionMask = 2147483647;
			files = (
			);
			runOnlyForDeploymentPostprocessing = 0;
		};
		4F5708EC2B069915002CC2B6 /* Frameworks */ = {
			isa = PBXFrameworksBuildPhase;
			buildActionMask = 2147483647;
			files = (
			);
			runOnlyForDeploymentPostprocessing = 0;
		};
		4F5708F62B069915002CC2B6 /* Frameworks */ = {
			isa = PBXFrameworksBuildPhase;
			buildActionMask = 2147483647;
			files = (
			);
			runOnlyForDeploymentPostprocessing = 0;
		};
/* End PBXFrameworksBuildPhase section */

/* Begin PBXGroup section */
		4F5708D62B069914002CC2B6 = {
			isa = PBXGroup;
			children = (
				4F5708E12B069914002CC2B6 /* Wind Turbine TDD */,
				4F5708F22B069915002CC2B6 /* Wind Turbine TDDTests */,
				4F5708FC2B069915002CC2B6 /* Wind Turbine TDDUITests */,
				4F5708E02B069914002CC2B6 /* Products */,
			);
			sourceTree = "<group>";
		};
		4F5708E02B069914002CC2B6 /* Products */ = {
			isa = PBXGroup;
			children = (
				4F5708DF2B069914002CC2B6 /* Wind Turbine TDD.app */,
				4F5708EF2B069915002CC2B6 /* Wind Turbine TDDTests.xctest */,
				4F5708F92B069915002CC2B6 /* Wind Turbine TDDUITests.xctest */,
			);
			name = Products;
			sourceTree = "<group>";
		};
		4F5708E12B069914002CC2B6 /* Wind Turbine TDD */ = {
			isa = PBXGroup;
			children = (
				4F5708E22B069914002CC2B6 /* Wind_Turbine_TDDApp.swift */,
				4F5708E42B069914002CC2B6 /* ContentView.swift */,
				4F5708E62B069915002CC2B6 /* Assets.xcassets */,
				4F5708E82B069915002CC2B6 /* Preview Content */,
			);
			path = "Wind Turbine TDD";
			sourceTree = "<group>";
		};
		4F5708E82B069915002CC2B6 /* Preview Content */ = {
			isa = PBXGroup;
			children = (
				4F5708E92B069915002CC2B6 /* Preview Assets.xcassets */,
			);
			path = "Preview Content";
			sourceTree = "<group>";
		};
		4F5708F22B069915002CC2B6 /* Wind Turbine TDDTests */ = {
			isa = PBXGroup;
			children = (
				4F5708F32B069915002CC2B6 /* Wind_Turbine_TDDTests.swift */,
			);
			path = "Wind Turbine TDDTests";
			sourceTree = "<group>";
		};
		4F5708FC2B069915002CC2B6 /* Wind Turbine TDDUITests */ = {
			isa = PBXGroup;
			children = (
				4F5708FD2B069915002CC2B6 /* Wind_Turbine_TDDUITests.swift */,
				4F5708FF2B069915002CC2B6 /* Wind_Turbine_TDDUITestsLaunchTests.swift */,
			);
			path = "Wind Turbine TDDUITests";
			sourceTree = "<group>";
		};
/* End PBXGroup section */

/* Begin PBXNativeTarget section */
		4F5708DE2B069914002CC2B6 /* Wind Turbine TDD */ = {
			isa = PBXNativeTarget;
			buildConfigurationList = 4F5709032B069915002CC2B6 /* Build configuration list for PBXNativeTarget "Wind Turbine TDD" */;
			buildPhases = (
				4F5708DB2B069914002CC2B6 /* Sources */,
				4F5708DC2B069914002CC2B6 /* Frameworks */,
				4F5708DD2B069914002CC2B6 /* Resources */,
			);
			buildRules = (
			);
			dependencies = (
			);
			name = "Wind Turbine TDD";
			productName = "Wind Turbine TDD";
			productReference = 4F5708DF2B069914002CC2B6 /* Wind Turbine TDD.app */;
			productType = "com.apple.product-type.application";
		};
		4F5708EE2B069915002CC2B6 /* Wind Turbine TDDTests */ = {
			isa = PBXNativeTarget;
			buildConfigurationList = 4F5709062B069915002CC2B6 /* Build configuration list for PBXNativeTarget "Wind Turbine TDDTests" */;
			buildPhases = (
				4F5708EB2B069915002CC2B6 /* Sources */,
				4F5708EC2B069915002CC2B6 /* Frameworks */,
				4F5708ED2B069915002CC2B6 /* Resources */,
			);
			buildRules = (
			);
			dependencies = (
				4F5708F12B069915002CC2B6 /* PBXTargetDependency */,
			);
			name = "Wind Turbine TDDTests";
			productName = "Wind Turbine TDDTests";
			productReference = 4F5708EF2B069915002CC2B6 /* Wind Turbine TDDTests.xctest */;
			productType = "com.apple.product-type.bundle.unit-test";
		};
		4F5708F82B069915002CC2B6 /* Wind Turbine TDDUITests */ = {
			isa = PBXNativeTarget;
			buildConfigurationList = 4F5709092B069915002CC2B6 /* Build configuration list for PBXNativeTarget "Wind Turbine TDDUITests" */;
			buildPhases = (
				4F5708F52B069915002CC2B6 /* Sources */,
				4F5708F62B069915002CC2B6 /* Frameworks */,
				4F5708F72B069915002CC2B6 /* Resources */,
			);
			buildRules = (
			);
			dependencies = (
				4F5708FB2B069915002CC2B6 /* PBXTargetDependency */,
			);
			name = "Wind Turbine TDDUITests";
			productName = "Wind Turbine TDDUITests";
			productReference = 4F5708F92B069915002CC2B6 /* Wind Turbine TDDUITests.xctest */;
			productType = "com.apple.product-type.bundle.ui-testing";
		};
/* End PBXNativeTarget section */

/* Begin PBXProject section */
		4F5708D72B069914002CC2B6 /* Project object */ = {
			isa = PBXProject;
			attributes = {
				BuildIndependentTargetsInParallel = 1;
				LastSwiftUpdateCheck = 1500;
				LastUpgradeCheck = 1500;
				TargetAttributes = {
					4F5708DE2B069914002CC2B6 = {
						CreatedOnToolsVersion = 15.0.1;
					};
					4F5708EE2B069915002CC2B6 = {
						CreatedOnToolsVersion = 15.0.1;
						TestTargetID = 4F5708DE2B069914002CC2B6;
					};
					4F5708F82B069915002CC2B6 = {
						CreatedOnToolsVersion = 15.0.1;
						TestTargetID = 4F5708DE2B069914002CC2B6;
					};
				};
			};
			buildConfigurationList = 4F5708DA2B069914002CC2B6 /* Build configuration list for PBXProject "Wind Turbine TDD" */;
			compatibilityVersion = "Xcode 14.0";
			developmentRegion = en;
			hasScannedForEncodings = 0;
			knownRegions = (
				en,
				Base,
			);
			mainGroup = 4F5708D62B069914002CC2B6;
			productRefGroup = 4F5708E02B069914002CC2B6 /* Products */;
			projectDirPath = "";
			projectRoot = "";
			targets = (
				4F5708DE2B069914002CC2B6 /* Wind Turbine TDD */,
				4F5708EE2B069915002CC2B6 /* Wind Turbine TDDTests */,
				4F5708F82B069915002CC2B6 /* Wind Turbine TDDUITests */,
			);
		};
/* End PBXProject section */

/* Begin PBXResourcesBuildPhase section */
		4F5708DD2B069914002CC2B6 /* Resources */ = {
			isa = PBXResourcesBuildPhase;
			buildActionMask = 2147483647;
			files = (
				4F5708EA2B069915002CC2B6 /* Preview Assets.xcassets in Resources */,
				4F5708E72B069915002CC2B6 /* Assets.xcassets in Resources */,
			);
			runOnlyForDeploymentPostprocessing = 0;
		};
		4F5708ED2B069915002CC2B6 /* Resources */ = {
			isa = PBXResourcesBuildPhase;
			buildActionMask = 2147483647;
			files = (
			);
			runOnlyForDeploymentPostprocessing = 0;
		};
		4F5708F72B069915002CC2B6 /* Resources */ = {
			isa = PBXResourcesBuildPhase;
			buildActionMask = 2147483647;
			files = (
			);
			runOnlyForDeploymentPostprocessing = 0;
		};
/* End PBXResourcesBuildPhase section */

/* Begin PBXSourcesBuildPhase section */
		4F5708DB2B069914002CC2B6 /* Sources */ = {
			isa = PBXSourcesBuildPhase;
			buildActionMask = 2147483647;
			files = (
				4F5708E52B069914002CC2B6 /* ContentView.swift in Sources */,
				4F5708E32B069914002CC2B6 /* Wind_Turbine_TDDApp.swift in Sources */,
			);
			runOnlyForDeploymentPostprocessing = 0;
		};
		4F5708EB2B069915002CC2B6 /* Sources */ = {
			isa = PBXSourcesBuildPhase;
			buildActionMask = 2147483647;
			files = (
				4F5708F42B069915002CC2B6 /* Wind_Turbine_TDDTests.swift in Sources */,
			);
			runOnlyForDeploymentPostprocessing = 0;
		};
		4F5708F52B069915002CC2B6 /* Sources */ = {
			isa = PBXSourcesBuildPhase;
			buildActionMask = 2147483647;
			files = (
				4F5708FE2B069915002CC2B6 /* Wind_Turbine_TDDUITests.swift in Sources */,
				4F5709002B069915002CC2B6 /* Wind_Turbine_TDDUITestsLaunchTests.swift in Sources */,
			);
			runOnlyForDeploymentPostprocessing = 0;
		};
/* End PBXSourcesBuildPhase section */

/* Begin PBXTargetDependency section */
		4F5708F12B069915002CC2B6 /* PBXTargetDependency */ = {
			isa = PBXTargetDependency;
			target = 4F5708DE2B069914002CC2B6 /* Wind Turbine TDD */;
			targetProxy = 4F5708F02B069915002CC2B6 /* PBXContainerItemProxy */;
		};
		4F5708FB2B069915002CC2B6 /* PBXTargetDependency */ = {
			isa = PBXTargetDependency;
			target = 4F5708DE2B069914002CC2B6 /* Wind Turbine TDD */;
			targetProxy = 4F5708FA2B069915002CC2B6 /* PBXContainerItemProxy */;
		};
/* End PBXTargetDependency section */

/* Begin XCBuildConfiguration section */
		4F5709012B069915002CC2B6 /* Debug */ = {
			isa = XCBuildConfiguration;
			buildSettings = {
				ALWAYS_SEARCH_USER_PATHS = NO;
				ASSETCATALOG_COMPILER_GENERATE_SWIFT_ASSET_SYMBOL_EXTENSIONS = YES;
				CLANG_ANALYZER_NONNULL = YES;
				CLANG_ANALYZER_NUMBER_OBJECT_CONVERSION = YES_AGGRESSIVE;
				CLANG_CXX_LANGUAGE_STANDARD = "gnu++20";
				CLANG_ENABLE_MODULES = YES;
				CLANG_ENABLE_OBJC_ARC = YES;
				CLANG_ENABLE_OBJC_WEAK = YES;
				CLANG_WARN_BLOCK_CAPTURE_AUTORELEASING = YES;
				CLANG_WARN_BOOL_CONVERSION = YES;
				CLANG_WARN_COMMA = YES;
				CLANG_WARN_CONSTANT_CONVERSION = YES;
				CLANG_WARN_DEPRECATED_OBJC_IMPLEMENTATIONS = YES;
				CLANG_WARN_DIRECT_OBJC_ISA_USAGE = YES_ERROR;
				CLANG_WARN_DOCUMENTATION_COMMENTS = YES;
				CLANG_WARN_EMPTY_BODY = YES;
				CLANG_WARN_ENUM_CONVERSION = YES;
				CLANG_WARN_INFINITE_RECURSION = YES;
				CLANG_WARN_INT_CONVERSION = YES;
				CLANG_WARN_NON_LITERAL_NULL_CONVERSION = YES;
				CLANG_WARN_OBJC_IMPLICIT_RETAIN_SELF = YES;
				CLANG_WARN_OBJC_LITERAL_CONVERSION = YES;
				CLANG_WARN_OBJC_ROOT_CLASS = YES_ERROR;
				CLANG_WARN_QUOTED_INCLUDE_IN_FRAMEWORK_HEADER = YES;
				CLANG_WARN_RANGE_LOOP_ANALYSIS = YES;
				CLANG_WARN_STRICT_PROTOTYPES = YES;
				CLANG_WARN_SUSPICIOUS_MOVE = YES;
				CLANG_WARN_UNGUARDED_AVAILABILITY = YES_AGGRESSIVE;
				CLANG_WARN_UNREACHABLE_CODE = YES;
				CLANG_WARN__DUPLICATE_METHOD_MATCH = YES;
				COPY_PHASE_STRIP = NO;
				DEBUG_INFORMATION_FORMAT = dwarf;
				ENABLE_STRICT_OBJC_MSGSEND = YES;
				ENABLE_TESTABILITY = YES;
				ENABLE_USER_SCRIPT_SANDBOXING = YES;
				GCC_C_LANGUAGE_STANDARD = gnu17;
				GCC_DYNAMIC_NO_PIC = NO;
				GCC_NO_COMMON_BLOCKS = YES;
				GCC_OPTIMIZATION_LEVEL = 0;
				GCC_PREPROCESSOR_DEFINITIONS = (
					"DEBUG=1",
					"$(inherited)",
				);
				GCC_WARN_64_TO_32_BIT_CONVERSION = YES;
				GCC_WARN_ABOUT_RETURN_TYPE = YES_ERROR;
				GCC_WARN_UNDECLARED_SELECTOR = YES;
				GCC_WARN_UNINITIALIZED_AUTOS = YES_AGGRESSIVE;
				GCC_WARN_UNUSED_FUNCTION = YES;
				GCC_WARN_UNUSED_VARIABLE = YES;
				IPHONEOS_DEPLOYMENT_TARGET = 17.0;
				LOCALIZATION_PREFERS_STRING_CATALOGS = YES;
				MTL_ENABLE_DEBUG_INFO = INCLUDE_SOURCE;
				MTL_FAST_MATH = YES;
				ONLY_ACTIVE_ARCH = YES;
				SDKROOT = iphoneos;
				SWIFT_ACTIVE_COMPILATION_CONDITIONS = "DEBUG $(inherited)";
				SWIFT_OPTIMIZATION_LEVEL = "-Onone";
			};
			name = Debug;
		};
		4F5709022B069915002CC2B6 /* Release */ = {
			isa = XCBuildConfiguration;
			buildSettings = {
				ALWAYS_SEARCH_USER_PATHS = NO;
				ASSETCATALOG_COMPILER_GENERATE_SWIFT_ASSET_SYMBOL_EXTENSIONS = YES;
				CLANG_ANALYZER_NONNULL = YES;
				CLANG_ANALYZER_NUMBER_OBJECT_CONVERSION = YES_AGGRESSIVE;
				CLANG_CXX_LANGUAGE_STANDARD = "gnu++20";
				CLANG_ENABLE_MODULES = YES;
				CLANG_ENABLE_OBJC_ARC = YES;
				CLANG_ENABLE_OBJC_WEAK = YES;
				CLANG_WARN_BLOCK_CAPTURE_AUTORELEASING = YES;
				CLANG_WARN_BOOL_CONVERSION = YES;
				CLANG_WARN_COMMA = YES;
				CLANG_WARN_CONSTANT_CONVERSION = YES;
				CLANG_WARN_DEPRECATED_OBJC_IMPLEMENTATIONS = YES;
				CLANG_WARN_DIRECT_OBJC_ISA_USAGE = YES_ERROR;
				CLANG_WARN_DOCUMENTATION_COMMENTS = YES;
				CLANG_WARN_EMPTY_BODY = YES;
				CLANG_WARN_ENUM_CONVERSION = YES;
				CLANG_WARN_INFINITE_RECURSION = YES;
				CLANG_WARN_INT_CONVERSION = YES;
				CLANG_WARN_NON_LITERAL_NULL_CONVERSION = YES;
				CLANG_WARN_OBJC_IMPLICIT_RETAIN_SELF = YES;
				CLANG_WARN_OBJC_LITERAL_CONVERSION = YES;
				CLANG_WARN_OBJC_ROOT_CLASS = YES_ERROR;
				CLANG_WARN_QUOTED_INCLUDE_IN_FRAMEWORK_HEADER = YES;
				CLANG_WARN_RANGE_LOOP_ANALYSIS = YES;
				CLANG_WARN_STRICT_PROTOTYPES = YES;
				CLANG_WARN_SUSPICIOUS_MOVE = YES;
				CLANG_WARN_UNGUARDED_AVAILABILITY = YES_AGGRESSIVE;
				CLANG_WARN_UNREACHABLE_CODE = YES;
				CLANG_WARN__DUPLICATE_METHOD_MATCH = YES;
				COPY_PHASE_STRIP = NO;
				DEBUG_INFORMATION_FORMAT = "dwarf-with-dsym";
				ENABLE_NS_ASSERTIONS = NO;
				ENABLE_STRICT_OBJC_MSGSEND = YES;
				ENABLE_USER_SCRIPT_SANDBOXING = YES;
				GCC_C_LANGUAGE_STANDARD = gnu17;
				GCC_NO_COMMON_BLOCKS = YES;
				GCC_WARN_64_TO_32_BIT_CONVERSION = YES;
				GCC_WARN_ABOUT_RETURN_TYPE = YES_ERROR;
				GCC_WARN_UNDECLARED_SELECTOR = YES;
				GCC_WARN_UNINITIALIZED_AUTOS = YES_AGGRESSIVE;
				GCC_WARN_UNUSED_FUNCTION = YES;
				GCC_WARN_UNUSED_VARIABLE = YES;
				IPHONEOS_DEPLOYMENT_TARGET = 17.0;
				LOCALIZATION_PREFERS_STRING_CATALOGS = YES;
				MTL_ENABLE_DEBUG_INFO = NO;
				MTL_FAST_MATH = YES;
				SDKROOT = iphoneos;
				SWIFT_COMPILATION_MODE = wholemodule;
				VALIDATE_PRODUCT = YES;
			};
			name = Release;
		};
		4F5709042B069915002CC2B6 /* Debug */ = {
			isa = XCBuildConfiguration;
			buildSettings = {
				ASSETCATALOG_COMPILER_APPICON_NAME = AppIcon;
				ASSETCATALOG_COMPILER_GLOBAL_ACCENT_COLOR_NAME = AccentColor;
				CODE_SIGN_STYLE = Automatic;
				CURRENT_PROJECT_VERSION = 1;
				DEVELOPMENT_ASSET_PATHS = "\"Wind Turbine TDD/Preview Content\"";
				DEVELOPMENT_TEAM = BQ55AJ4968;
				ENABLE_PREVIEWS = YES;
				GENERATE_INFOPLIST_FILE = YES;
				INFOPLIST_KEY_UIApplicationSceneManifest_Generation = YES;
				INFOPLIST_KEY_UIApplicationSupportsIndirectInputEvents = YES;
				INFOPLIST_KEY_UILaunchScreen_Generation = YES;
				INFOPLIST_KEY_UISupportedInterfaceOrientations_iPad = "UIInterfaceOrientationPortrait UIInterfaceOrientationPortraitUpsideDown UIInterfaceOrientationLandscapeLeft UIInterfaceOrientationLandscapeRight";
				INFOPLIST_KEY_UISupportedInterfaceOrientations_iPhone = "UIInterfaceOrientationPortrait UIInterfaceOrientationLandscapeLeft UIInterfaceOrientationLandscapeRight";
				LD_RUNPATH_SEARCH_PATHS = (
					"$(inherited)",
					"@executable_path/Frameworks",
				);
				MARKETING_VERSION = 1.0;
				PRODUCT_BUNDLE_IDENTIFIER = "self.Wind-Turbine-TDD";
				PRODUCT_NAME = "$(TARGET_NAME)";
				SWIFT_EMIT_LOC_STRINGS = YES;
				SWIFT_VERSION = 5.0;
				TARGETED_DEVICE_FAMILY = "1,2";
			};
			name = Debug;
		};
		4F5709052B069915002CC2B6 /* Release */ = {
			isa = XCBuildConfiguration;
			buildSettings = {
				ASSETCATALOG_COMPILER_APPICON_NAME = AppIcon;
				ASSETCATALOG_COMPILER_GLOBAL_ACCENT_COLOR_NAME = AccentColor;
				CODE_SIGN_STYLE = Automatic;
				CURRENT_PROJECT_VERSION = 1;
				DEVELOPMENT_ASSET_PATHS = "\"Wind Turbine TDD/Preview Content\"";
				DEVELOPMENT_TEAM = BQ55AJ4968;
				ENABLE_PREVIEWS = YES;
				GENERATE_INFOPLIST_FILE = YES;
				INFOPLIST_KEY_UIApplicationSceneManifest_Generation = YES;
				INFOPLIST_KEY_UIApplicationSupportsIndirectInputEvents = YES;
				INFOPLIST_KEY_UILaunchScreen_Generation = YES;
				INFOPLIST_KEY_UISupportedInterfaceOrientations_iPad = "UIInterfaceOrientationPortrait UIInterfaceOrientationPortraitUpsideDown UIInterfaceOrientationLandscapeLeft UIInterfaceOrientationLandscapeRight";
				INFOPLIST_KEY_UISupportedInterfaceOrientations_iPhone = "UIInterfaceOrientationPortrait UIInterfaceOrientationLandscapeLeft UIInterfaceOrientationLandscapeRight";
				LD_RUNPATH_SEARCH_PATHS = (
					"$(inherited)",
					"@executable_path/Frameworks",
				);
				MARKETING_VERSION = 1.0;
				PRODUCT_BUNDLE_IDENTIFIER = "self.Wind-Turbine-TDD";
				PRODUCT_NAME = "$(TARGET_NAME)";
				SWIFT_EMIT_LOC_STRINGS = YES;
				SWIFT_VERSION = 5.0;
				TARGETED_DEVICE_FAMILY = "1,2";
			};
			name = Release;
		};
		4F5709072B069915002CC2B6 /* Debug */ = {
			isa = XCBuildConfiguration;
			buildSettings = {
				ALWAYS_EMBED_SWIFT_STANDARD_LIBRARIES = YES;
				BUNDLE_LOADER = "$(TEST_HOST)";
				CODE_SIGN_STYLE = Automatic;
				CURRENT_PROJECT_VERSION = 1;
				DEVELOPMENT_TEAM = BQ55AJ4968;
				GENERATE_INFOPLIST_FILE = YES;
				IPHONEOS_DEPLOYMENT_TARGET = 17.0;
				MARKETING_VERSION = 1.0;
				PRODUCT_BUNDLE_IDENTIFIER = "self.Wind-Turbine-TDDTests";
				PRODUCT_NAME = "$(TARGET_NAME)";
				SWIFT_EMIT_LOC_STRINGS = NO;
				SWIFT_VERSION = 5.0;
				TARGETED_DEVICE_FAMILY = "1,2";
				TEST_HOST = "$(BUILT_PRODUCTS_DIR)/Wind Turbine TDD.app/$(BUNDLE_EXECUTABLE_FOLDER_PATH)/Wind Turbine TDD";
			};
			name = Debug;
		};
		4F5709082B069915002CC2B6 /* Release */ = {
			isa = XCBuildConfiguration;
			buildSettings = {
				ALWAYS_EMBED_SWIFT_STANDARD_LIBRARIES = YES;
				BUNDLE_LOADER = "$(TEST_HOST)";
				CODE_SIGN_STYLE = Automatic;
				CURRENT_PROJECT_VERSION = 1;
				DEVELOPMENT_TEAM = BQ55AJ4968;
				GENERATE_INFOPLIST_FILE = YES;
				IPHONEOS_DEPLOYMENT_TARGET = 17.0;
				MARKETING_VERSION = 1.0;
				PRODUCT_BUNDLE_IDENTIFIER = "self.Wind-Turbine-TDDTests";
				PRODUCT_NAME = "$(TARGET_NAME)";
				SWIFT_EMIT_LOC_STRINGS = NO;
				SWIFT_VERSION = 5.0;
				TARGETED_DEVICE_FAMILY = "1,2";
				TEST_HOST = "$(BUILT_PRODUCTS_DIR)/Wind Turbine TDD.app/$(BUNDLE_EXECUTABLE_FOLDER_PATH)/Wind Turbine TDD";
			};
			name = Release;
		};
		4F57090A2B069915002CC2B6 /* Debug */ = {
			isa = XCBuildConfiguration;
			buildSettings = {
				ALWAYS_EMBED_SWIFT_STANDARD_LIBRARIES = YES;
				CODE_SIGN_STYLE = Automatic;
				CURRENT_PROJECT_VERSION = 1;
				DEVELOPMENT_TEAM = BQ55AJ4968;
				GENERATE_INFOPLIST_FILE = YES;
				MARKETING_VERSION = 1.0;
				PRODUCT_BUNDLE_IDENTIFIER = "self.Wind-Turbine-TDDUITests";
				PRODUCT_NAME = "$(TARGET_NAME)";
				SWIFT_EMIT_LOC_STRINGS = NO;
				SWIFT_VERSION = 5.0;
				TARGETED_DEVICE_FAMILY = "1,2";
				TEST_TARGET_NAME = "Wind Turbine TDD";
			};
			name = Debug;
		};
		4F57090B2B069915002CC2B6 /* Release */ = {
			isa = XCBuildConfiguration;
			buildSettings = {
				ALWAYS_EMBED_SWIFT_STANDARD_LIBRARIES = YES;
				CODE_SIGN_STYLE = Automatic;
				CURRENT_PROJECT_VERSION = 1;
				DEVELOPMENT_TEAM = BQ55AJ4968;
				GENERATE_INFOPLIST_FILE = YES;
				MARKETING_VERSION = 1.0;
				PRODUCT_BUNDLE_IDENTIFIER = "self.Wind-Turbine-TDDUITests";
				PRODUCT_NAME = "$(TARGET_NAME)";
				SWIFT_EMIT_LOC_STRINGS = NO;
				SWIFT_VERSION = 5.0;
				TARGETED_DEVICE_FAMILY = "1,2";
				TEST_TARGET_NAME = "Wind Turbine TDD";
			};
			name = Release;
		};
/* End XCBuildConfiguration section */

/* Begin XCConfigurationList section */
		4F5708DA2B069914002CC2B6 /* Build configuration list for PBXProject "Wind Turbine TDD" */ = {
			isa = XCConfigurationList;
			buildConfigurations = (
				4F5709012B069915002CC2B6 /* Debug */,
				4F5709022B069915002CC2B6 /* Release */,
			);
			defaultConfigurationIsVisible = 0;
			defaultConfigurationName = Release;
		};
		4F5709032B069915002CC2B6 /* Build configuration list for PBXNativeTarget "Wind Turbine TDD" */ = {
			isa = XCConfigurationList;
			buildConfigurations = (
				4F5709042B069915002CC2B6 /* Debug */,
				4F5709052B069915002CC2B6 /* Release */,
			);
			defaultConfigurationIsVisible = 0;
			defaultConfigurationName = Release;
		};
		4F5709062B069915002CC2B6 /* Build configuration list for PBXNativeTarget "Wind Turbine TDDTests" */ = {
			isa = XCConfigurationList;
			buildConfigurations = (
				4F5709072B069915002CC2B6 /* Debug */,
				4F5709082B069915002CC2B6 /* Release */,
			);
			defaultConfigurationIsVisible = 0;
			defaultConfigurationName = Release;
		};
		4F5709092B069915002CC2B6 /* Build configuration list for PBXNativeTarget "Wind Turbine TDDUITests" */ = {
			isa = XCConfigurationList;
			buildConfigurations = (
				4F57090A2B069915002CC2B6 /* Debug */,
				4F57090B2B069915002CC2B6 /* Release */,
			);
			defaultConfigurationIsVisible = 0;
			defaultConfigurationName = Release;
		};
/* End XCConfigurationList section */
	};
	rootObject = 4F5708D72B069914002CC2B6 /* Project object */;
}
